// !$*UTF8*$!
{
	archiveVersion = 1;
	classes = {
	};
	objectVersion = 55;
	objects = {

/* Begin PBXBuildFile section */
		A100C6EB289180D8005B4D54 /* ViewDidLoadModifier.swift in Sources */ = {isa = PBXBuildFile; fileRef = A100C6EA289180D8005B4D54 /* ViewDidLoadModifier.swift */; };
		A100C6EE28918197005B4D54 /* View+OnLoad.swift in Sources */ = {isa = PBXBuildFile; fileRef = A100C6ED28918197005B4D54 /* View+OnLoad.swift */; };
		A1357A2D2834495B0047752D /* MainContentViewModel.swift in Sources */ = {isa = PBXBuildFile; fileRef = A1357A2C2834495A0047752D /* MainContentViewModel.swift */; };
		A1357A2F2834498E0047752D /* AppRouter.swift in Sources */ = {isa = PBXBuildFile; fileRef = A1357A2E2834498E0047752D /* AppRouter.swift */; };
		A13E422A27F70D2400E9582E /* AppDelegate.swift in Sources */ = {isa = PBXBuildFile; fileRef = A13E422927F70D2400E9582E /* AppDelegate.swift */; };
		A13E423327F70D2A00E9582E /* Assets.xcassets in Resources */ = {isa = PBXBuildFile; fileRef = A13E423227F70D2A00E9582E /* Assets.xcassets */; };
		A13E423627F70D2A00E9582E /* LaunchScreen.storyboard in Resources */ = {isa = PBXBuildFile; fileRef = A13E423427F70D2A00E9582E /* LaunchScreen.storyboard */; };
		A13E424127F70D2A00E9582E /* StateContainerExampleTests.swift in Sources */ = {isa = PBXBuildFile; fileRef = A13E424027F70D2A00E9582E /* StateContainerExampleTests.swift */; };
		A148207C282E97A50024A38F /* MainContentView.swift in Sources */ = {isa = PBXBuildFile; fileRef = A148207B282E97A50024A38F /* MainContentView.swift */; };
		A1B7D6C928715C2500462CDD /* MainContentViewModel+State.swift in Sources */ = {isa = PBXBuildFile; fileRef = A1B7D6C828715C2500462CDD /* MainContentViewModel+State.swift */; };
		A1B7D6CB28715D3000462CDD /* DetailContentViewModel.swift in Sources */ = {isa = PBXBuildFile; fileRef = A1B7D6CA28715D3000462CDD /* DetailContentViewModel.swift */; };
		A1B7D6CD28715D4A00462CDD /* DetailContentView.swift in Sources */ = {isa = PBXBuildFile; fileRef = A1B7D6CC28715D4A00462CDD /* DetailContentView.swift */; };
/* End PBXBuildFile section */

/* Begin PBXContainerItemProxy section */
		A13E423D27F70D2A00E9582E /* PBXContainerItemProxy */ = {
			isa = PBXContainerItemProxy;
			containerPortal = A13E421E27F70D2400E9582E /* Project object */;
			proxyType = 1;
			remoteGlobalIDString = A13E422527F70D2400E9582E;
			remoteInfo = Test;
		};
/* End PBXContainerItemProxy section */

/* Begin PBXFileReference section */
		A100C6EA289180D8005B4D54 /* ViewDidLoadModifier.swift */ = {isa = PBXFileReference; lastKnownFileType = sourcecode.swift; path = ViewDidLoadModifier.swift; sourceTree = "<group>"; };
		A100C6ED28918197005B4D54 /* View+OnLoad.swift */ = {isa = PBXFileReference; lastKnownFileType = sourcecode.swift; path = "View+OnLoad.swift"; sourceTree = "<group>"; };
		A1357A2C2834495A0047752D /* MainContentViewModel.swift */ = {isa = PBXFileReference; lastKnownFileType = sourcecode.swift; path = MainContentViewModel.swift; sourceTree = "<group>"; };
		A1357A2E2834498E0047752D /* AppRouter.swift */ = {isa = PBXFileReference; lastKnownFileType = sourcecode.swift; path = AppRouter.swift; sourceTree = "<group>"; };
		A13E422627F70D2400E9582E /* StateContainerExample.app */ = {isa = PBXFileReference; explicitFileType = wrapper.application; includeInIndex = 0; path = StateContainerExample.app; sourceTree = BUILT_PRODUCTS_DIR; };
		A13E422927F70D2400E9582E /* AppDelegate.swift */ = {isa = PBXFileReference; lastKnownFileType = sourcecode.swift; path = AppDelegate.swift; sourceTree = "<group>"; };
		A13E423227F70D2A00E9582E /* Assets.xcassets */ = {isa = PBXFileReference; lastKnownFileType = folder.assetcatalog; path = Assets.xcassets; sourceTree = "<group>"; };
		A13E423527F70D2A00E9582E /* Base */ = {isa = PBXFileReference; lastKnownFileType = file.storyboard; name = Base; path = Base.lproj/LaunchScreen.storyboard; sourceTree = "<group>"; };
		A13E423727F70D2A00E9582E /* Info.plist */ = {isa = PBXFileReference; lastKnownFileType = text.plist.xml; path = Info.plist; sourceTree = "<group>"; };
		A13E423C27F70D2A00E9582E /* StateContainerExampleStateContainerExamples.xctest */ = {isa = PBXFileReference; explicitFileType = wrapper.cfbundle; includeInIndex = 0; path = StateContainerExampleStateContainerExamples.xctest; sourceTree = BUILT_PRODUCTS_DIR; };
		A13E424027F70D2A00E9582E /* StateContainerExampleTests.swift */ = {isa = PBXFileReference; lastKnownFileType = sourcecode.swift; path = StateContainerExampleTests.swift; sourceTree = "<group>"; };
		A148207B282E97A50024A38F /* MainContentView.swift */ = {isa = PBXFileReference; lastKnownFileType = sourcecode.swift; path = MainContentView.swift; sourceTree = "<group>"; };
		A1B7D6C828715C2500462CDD /* MainContentViewModel+State.swift */ = {isa = PBXFileReference; lastKnownFileType = sourcecode.swift; path = "MainContentViewModel+State.swift"; sourceTree = "<group>"; };
		A1B7D6CA28715D3000462CDD /* DetailContentViewModel.swift */ = {isa = PBXFileReference; lastKnownFileType = sourcecode.swift; path = DetailContentViewModel.swift; sourceTree = "<group>"; };
		A1B7D6CC28715D4A00462CDD /* DetailContentView.swift */ = {isa = PBXFileReference; lastKnownFileType = sourcecode.swift; path = DetailContentView.swift; sourceTree = "<group>"; };
/* End PBXFileReference section */

/* Begin PBXFrameworksBuildPhase section */
		A13E422327F70D2400E9582E /* Frameworks */ = {
			isa = PBXFrameworksBuildPhase;
			buildActionMask = 2147483647;
			files = (
			);
			runOnlyForDeploymentPostprocessing = 0;
		};
		A13E423927F70D2A00E9582E /* Frameworks */ = {
			isa = PBXFrameworksBuildPhase;
			buildActionMask = 2147483647;
			files = (
			);
			runOnlyForDeploymentPostprocessing = 0;
		};
/* End PBXFrameworksBuildPhase section */

/* Begin PBXGroup section */
		A100C6E9289180C4005B4D54 /* Utils */ = {
			isa = PBXGroup;
			children = (
				A100C6EA289180D8005B4D54 /* ViewDidLoadModifier.swift */,
			);
			path = Utils;
			sourceTree = "<group>";
		};
		A100C6EC28918178005B4D54 /* Extenstion */ = {
			isa = PBXGroup;
			children = (
				A100C6ED28918197005B4D54 /* View+OnLoad.swift */,
			);
			path = Extenstion;
			sourceTree = "<group>";
		};
		A13E421D27F70D2400E9582E = {
			isa = PBXGroup;
			children = (
				A13E422827F70D2400E9582E /* StateContainerExample */,
				A13E423F27F70D2A00E9582E /* StateContainerExampleTests */,
				A13E422727F70D2400E9582E /* Products */,
			);
			sourceTree = "<group>";
		};
		A13E422727F70D2400E9582E /* Products */ = {
			isa = PBXGroup;
			children = (
				A13E422627F70D2400E9582E /* StateContainerExample.app */,
				A13E423C27F70D2A00E9582E /* StateContainerExampleStateContainerExamples.xctest */,
			);
			name = Products;
			sourceTree = "<group>";
		};
		A13E422827F70D2400E9582E /* StateContainerExample */ = {
			isa = PBXGroup;
			children = (
				A13E422927F70D2400E9582E /* AppDelegate.swift */,
				A1B7D6CE2871CD5700462CDD /* Scenes */,
				A1B7D6C628715A6800462CDD /* Sources */,
				A1B7D6C728715A8800462CDD /* Support */,
			);
			path = StateContainerExample;
			sourceTree = "<group>";
		};
		A13E423F27F70D2A00E9582E /* StateContainerExampleTests */ = {
			isa = PBXGroup;
			children = (
				A13E424027F70D2A00E9582E /* StateContainerExampleTests.swift */,
			);
			path = StateContainerExampleTests;
			sourceTree = "<group>";
		};
		A1B7D6C628715A6800462CDD /* Sources */ = {
			isa = PBXGroup;
			children = (
				A13E423427F70D2A00E9582E /* LaunchScreen.storyboard */,
				A13E423227F70D2A00E9582E /* Assets.xcassets */,
			);
			path = Sources;
			sourceTree = "<group>";
		};
		A1B7D6C728715A8800462CDD /* Support */ = {
			isa = PBXGroup;
			children = (
				A13E423727F70D2A00E9582E /* Info.plist */,
			);
			path = Support;
			sourceTree = "<group>";
		};
		A1B7D6CE2871CD5700462CDD /* Scenes */ = {
			isa = PBXGroup;
			children = (
				A1357A2E2834498E0047752D /* AppRouter.swift */,
				A100C6EC28918178005B4D54 /* Extenstion */,
				A100C6E9289180C4005B4D54 /* Utils */,
				A1B7D6CF2871CD6400462CDD /* Main */,
				A1B7D6D12871CD9200462CDD /* Detail */,
			);
			path = Scenes;
			sourceTree = "<group>";
		};
		A1B7D6CF2871CD6400462CDD /* Main */ = {
			isa = PBXGroup;
			children = (
				A148207B282E97A50024A38F /* MainContentView.swift */,
				A1357A2C2834495A0047752D /* MainContentViewModel.swift */,
				A1B7D6C828715C2500462CDD /* MainContentViewModel+State.swift */,
			);
			path = Main;
			sourceTree = "<group>";
		};
		A1B7D6D12871CD9200462CDD /* Detail */ = {
			isa = PBXGroup;
			children = (
				A1B7D6CC28715D4A00462CDD /* DetailContentView.swift */,
				A1B7D6CA28715D3000462CDD /* DetailContentViewModel.swift */,
			);
			path = Detail;
			sourceTree = "<group>";
		};
/* End PBXGroup section */

/* Begin PBXNativeTarget section */
		A13E422527F70D2400E9582E /* StateContainerExample */ = {
			isa = PBXNativeTarget;
			buildConfigurationList = A13E425027F70D2A00E9582E /* Build configuration list for PBXNativeTarget "StateContainerExample" */;
			buildPhases = (
				A13E422227F70D2400E9582E /* Sources */,
				A13E422327F70D2400E9582E /* Frameworks */,
				A13E422427F70D2400E9582E /* Resources */,
			);
			buildRules = (
			);
			dependencies = (
			);
			name = StateContainerExample;
			productName = Test;
			productReference = A13E422627F70D2400E9582E /* StateContainerExample.app */;
			productType = "com.apple.product-type.application";
		};
		A13E423B27F70D2A00E9582E /* StateContainerExampleStateContainerExamples */ = {
			isa = PBXNativeTarget;
			buildConfigurationList = A13E425327F70D2A00E9582E /* Build configuration list for PBXNativeTarget "StateContainerExampleStateContainerExamples" */;
			buildPhases = (
				A13E423827F70D2A00E9582E /* Sources */,
				A13E423927F70D2A00E9582E /* Frameworks */,
				A13E423A27F70D2A00E9582E /* Resources */,
			);
			buildRules = (
			);
			dependencies = (
				A13E423E27F70D2A00E9582E /* PBXTargetDependency */,
			);
			name = StateContainerExampleStateContainerExamples;
			productName = TestTests;
			productReference = A13E423C27F70D2A00E9582E /* StateContainerExampleStateContainerExamples.xctest */;
			productType = "com.apple.product-type.bundle.unit-test";
		};
/* End PBXNativeTarget section */

/* Begin PBXProject section */
		A13E421E27F70D2400E9582E /* Project object */ = {
			isa = PBXProject;
			attributes = {
				BuildIndependentTargetsInParallel = 1;
				LastSwiftUpdateCheck = 1330;
				LastUpgradeCheck = 1330;
				TargetAttributes = {
					A13E422527F70D2400E9582E = {
						CreatedOnToolsVersion = 13.3;
					};
					A13E423B27F70D2A00E9582E = {
						CreatedOnToolsVersion = 13.3;
						TestTargetID = A13E422527F70D2400E9582E;
					};
				};
			};
			buildConfigurationList = A13E422127F70D2400E9582E /* Build configuration list for PBXProject "StateContainerExample" */;
			compatibilityVersion = "Xcode 13.0";
			developmentRegion = en;
			hasScannedForEncodings = 0;
			knownRegions = (
				en,
				Base,
			);
			mainGroup = A13E421D27F70D2400E9582E;
			productRefGroup = A13E422727F70D2400E9582E /* Products */;
			projectDirPath = "";
			projectRoot = "";
			targets = (
				A13E422527F70D2400E9582E /* StateContainerExample */,
				A13E423B27F70D2A00E9582E /* StateContainerExampleStateContainerExamples */,
			);
		};
/* End PBXProject section */

/* Begin PBXResourcesBuildPhase section */
		A13E422427F70D2400E9582E /* Resources */ = {
			isa = PBXResourcesBuildPhase;
			buildActionMask = 2147483647;
			files = (
				A13E423627F70D2A00E9582E /* LaunchScreen.storyboard in Resources */,
				A13E423327F70D2A00E9582E /* Assets.xcassets in Resources */,
			);
			runOnlyForDeploymentPostprocessing = 0;
		};
		A13E423A27F70D2A00E9582E /* Resources */ = {
			isa = PBXResourcesBuildPhase;
			buildActionMask = 2147483647;
			files = (
			);
			runOnlyForDeploymentPostprocessing = 0;
		};
/* End PBXResourcesBuildPhase section */

/* Begin PBXSourcesBuildPhase section */
		A13E422227F70D2400E9582E /* Sources */ = {
			isa = PBXSourcesBuildPhase;
			buildActionMask = 2147483647;
			files = (
				A13E422A27F70D2400E9582E /* AppDelegate.swift in Sources */,
				A100C6EE28918197005B4D54 /* View+OnLoad.swift in Sources */,
				A1B7D6C928715C2500462CDD /* MainContentViewModel+State.swift in Sources */,
				A1357A2F2834498E0047752D /* AppRouter.swift in Sources */,
				A1B7D6CD28715D4A00462CDD /* DetailContentView.swift in Sources */,
				A1357A2D2834495B0047752D /* MainContentViewModel.swift in Sources */,
				A148207C282E97A50024A38F /* MainContentView.swift in Sources */,
				A1B7D6CB28715D3000462CDD /* DetailContentViewModel.swift in Sources */,
				A100C6EB289180D8005B4D54 /* ViewDidLoadModifier.swift in Sources */,
			);
			runOnlyForDeploymentPostprocessing = 0;
		};
		A13E423827F70D2A00E9582E /* Sources */ = {
			isa = PBXSourcesBuildPhase;
			buildActionMask = 2147483647;
			files = (
				A13E424127F70D2A00E9582E /* StateContainerExampleTests.swift in Sources */,
			);
			runOnlyForDeploymentPostprocessing = 0;
		};
/* End PBXSourcesBuildPhase section */

/* Begin PBXTargetDependency section */
		A13E423E27F70D2A00E9582E /* PBXTargetDependency */ = {
			isa = PBXTargetDependency;
			target = A13E422527F70D2400E9582E /* StateContainerExample */;
			targetProxy = A13E423D27F70D2A00E9582E /* PBXContainerItemProxy */;
		};
/* End PBXTargetDependency section */

/* Begin PBXVariantGroup section */
		A13E423427F70D2A00E9582E /* LaunchScreen.storyboard */ = {
			isa = PBXVariantGroup;
			children = (
				A13E423527F70D2A00E9582E /* Base */,
			);
			name = LaunchScreen.storyboard;
			sourceTree = "<group>";
		};
/* End PBXVariantGroup section */

/* Begin XCBuildConfiguration section */
		A13E424E27F70D2A00E9582E /* Debug */ = {
			isa = XCBuildConfiguration;
			buildSettings = {
				ALWAYS_SEARCH_USER_PATHS = NO;
				CLANG_ANALYZER_NONNULL = YES;
				CLANG_ANALYZER_NUMBER_OBJECT_CONVERSION = YES_AGGRESSIVE;
				CLANG_CXX_LANGUAGE_STANDARD = "gnu++17";
				CLANG_ENABLE_MODULES = YES;
				CLANG_ENABLE_OBJC_ARC = YES;
				CLANG_ENABLE_OBJC_WEAK = YES;
				CLANG_WARN_BLOCK_CAPTURE_AUTORELEASING = YES;
				CLANG_WARN_BOOL_CONVERSION = YES;
				CLANG_WARN_COMMA = YES;
				CLANG_WARN_CONSTANT_CONVERSION = YES;
				CLANG_WARN_DEPRECATED_OBJC_IMPLEMENTATIONS = YES;
				CLANG_WARN_DIRECT_OBJC_ISA_USAGE = YES_ERROR;
				CLANG_WARN_DOCUMENTATION_COMMENTS = YES;
				CLANG_WARN_EMPTY_BODY = YES;
				CLANG_WARN_ENUM_CONVERSION = YES;
				CLANG_WARN_INFINITE_RECURSION = YES;
				CLANG_WARN_INT_CONVERSION = YES;
				CLANG_WARN_NON_LITERAL_NULL_CONVERSION = YES;
				CLANG_WARN_OBJC_IMPLICIT_RETAIN_SELF = YES;
				CLANG_WARN_OBJC_LITERAL_CONVERSION = YES;
				CLANG_WARN_OBJC_ROOT_CLASS = YES_ERROR;
				CLANG_WARN_QUOTED_INCLUDE_IN_FRAMEWORK_HEADER = YES;
				CLANG_WARN_RANGE_LOOP_ANALYSIS = YES;
				CLANG_WARN_STRICT_PROTOTYPES = YES;
				CLANG_WARN_SUSPICIOUS_MOVE = YES;
				CLANG_WARN_UNGUARDED_AVAILABILITY = YES_AGGRESSIVE;
				CLANG_WARN_UNREACHABLE_CODE = YES;
				CLANG_WARN__DUPLICATE_METHOD_MATCH = YES;
				COPY_PHASE_STRIP = NO;
				DEBUG_INFORMATION_FORMAT = dwarf;
				ENABLE_STRICT_OBJC_MSGSEND = YES;
				ENABLE_TESTABILITY = YES;
				GCC_C_LANGUAGE_STANDARD = gnu11;
				GCC_DYNAMIC_NO_PIC = NO;
				GCC_NO_COMMON_BLOCKS = YES;
				GCC_OPTIMIZATION_LEVEL = 0;
				GCC_PREPROCESSOR_DEFINITIONS = (
					"DEBUG=1",
					"$(inherited)",
				);
				GCC_WARN_64_TO_32_BIT_CONVERSION = YES;
				GCC_WARN_ABOUT_RETURN_TYPE = YES_ERROR;
				GCC_WARN_UNDECLARED_SELECTOR = YES;
				GCC_WARN_UNINITIALIZED_AUTOS = YES_AGGRESSIVE;
				GCC_WARN_UNUSED_FUNCTION = YES;
				GCC_WARN_UNUSED_VARIABLE = YES;
				IPHONEOS_DEPLOYMENT_TARGET = 15.4;
				MTL_ENABLE_DEBUG_INFO = INCLUDE_SOURCE;
				MTL_FAST_MATH = YES;
				ONLY_ACTIVE_ARCH = YES;
				SDKROOT = iphoneos;
				SWIFT_ACTIVE_COMPILATION_CONDITIONS = DEBUG;
				SWIFT_OPTIMIZATION_LEVEL = "-Onone";
			};
			name = Debug;
		};
		A13E424F27F70D2A00E9582E /* Release */ = {
			isa = XCBuildConfiguration;
			buildSettings = {
				ALWAYS_SEARCH_USER_PATHS = NO;
				CLANG_ANALYZER_NONNULL = YES;
				CLANG_ANALYZER_NUMBER_OBJECT_CONVERSION = YES_AGGRESSIVE;
				CLANG_CXX_LANGUAGE_STANDARD = "gnu++17";
				CLANG_ENABLE_MODULES = YES;
				CLANG_ENABLE_OBJC_ARC = YES;
				CLANG_ENABLE_OBJC_WEAK = YES;
				CLANG_WARN_BLOCK_CAPTURE_AUTORELEASING = YES;
				CLANG_WARN_BOOL_CONVERSION = YES;
				CLANG_WARN_COMMA = YES;
				CLANG_WARN_CONSTANT_CONVERSION = YES;
				CLANG_WARN_DEPRECATED_OBJC_IMPLEMENTATIONS = YES;
				CLANG_WARN_DIRECT_OBJC_ISA_USAGE = YES_ERROR;
				CLANG_WARN_DOCUMENTATION_COMMENTS = YES;
				CLANG_WARN_EMPTY_BODY = YES;
				CLANG_WARN_ENUM_CONVERSION = YES;
				CLANG_WARN_INFINITE_RECURSION = YES;
				CLANG_WARN_INT_CONVERSION = YES;
				CLANG_WARN_NON_LITERAL_NULL_CONVERSION = YES;
				CLANG_WARN_OBJC_IMPLICIT_RETAIN_SELF = YES;
				CLANG_WARN_OBJC_LITERAL_CONVERSION = YES;
				CLANG_WARN_OBJC_ROOT_CLASS = YES_ERROR;
				CLANG_WARN_QUOTED_INCLUDE_IN_FRAMEWORK_HEADER = YES;
				CLANG_WARN_RANGE_LOOP_ANALYSIS = YES;
				CLANG_WARN_STRICT_PROTOTYPES = YES;
				CLANG_WARN_SUSPICIOUS_MOVE = YES;
				CLANG_WARN_UNGUARDED_AVAILABILITY = YES_AGGRESSIVE;
				CLANG_WARN_UNREACHABLE_CODE = YES;
				CLANG_WARN__DUPLICATE_METHOD_MATCH = YES;
				COPY_PHASE_STRIP = NO;
				DEBUG_INFORMATION_FORMAT = "dwarf-with-dsym";
				ENABLE_NS_ASSERTIONS = NO;
				ENABLE_STRICT_OBJC_MSGSEND = YES;
				GCC_C_LANGUAGE_STANDARD = gnu11;
				GCC_NO_COMMON_BLOCKS = YES;
				GCC_WARN_64_TO_32_BIT_CONVERSION = YES;
				GCC_WARN_ABOUT_RETURN_TYPE = YES_ERROR;
				GCC_WARN_UNDECLARED_SELECTOR = YES;
				GCC_WARN_UNINITIALIZED_AUTOS = YES_AGGRESSIVE;
				GCC_WARN_UNUSED_FUNCTION = YES;
				GCC_WARN_UNUSED_VARIABLE = YES;
				IPHONEOS_DEPLOYMENT_TARGET = 15.4;
				MTL_ENABLE_DEBUG_INFO = NO;
				MTL_FAST_MATH = YES;
				SDKROOT = iphoneos;
				SWIFT_COMPILATION_MODE = wholemodule;
				SWIFT_OPTIMIZATION_LEVEL = "-O";
				VALIDATE_PRODUCT = YES;
			};
			name = Release;
		};
		A13E425127F70D2A00E9582E /* Debug */ = {
			isa = XCBuildConfiguration;
			buildSettings = {
				ASSETCATALOG_COMPILER_APPICON_NAME = AppIcon;
				ASSETCATALOG_COMPILER_GLOBAL_ACCENT_COLOR_NAME = AccentColor;
				CODE_SIGN_STYLE = Automatic;
				CURRENT_PROJECT_VERSION = 1;
				DEVELOPMENT_TEAM = 33XKR35SSN;
				GENERATE_INFOPLIST_FILE = YES;
				INFOPLIST_FILE = StateContainerExample/Support/Info.plist;
				INFOPLIST_KEY_UIApplicationSceneManifest_Generation = YES;
				INFOPLIST_KEY_UIApplicationSupportsIndirectInputEvents = YES;
				INFOPLIST_KEY_UILaunchStoryboardName = LaunchScreen;
				INFOPLIST_KEY_UISupportedInterfaceOrientations_iPad = "UIInterfaceOrientationPortrait UIInterfaceOrientationPortraitUpsideDown UIInterfaceOrientationLandscapeLeft UIInterfaceOrientationLandscapeRight";
				INFOPLIST_KEY_UISupportedInterfaceOrientations_iPhone = "UIInterfaceOrientationPortrait UIInterfaceOrientationLandscapeLeft UIInterfaceOrientationLandscapeRight";
				LD_RUNPATH_SEARCH_PATHS = (
					"$(inherited)",
					"@executable_path/Frameworks",
				);
				MARKETING_VERSION = 1.0;
				PRODUCT_BUNDLE_IDENTIFIER = com.vanyslav.StateContainerExample;
				PRODUCT_NAME = "$(TARGET_NAME)";
				SWIFT_EMIT_LOC_STRINGS = YES;
				SWIFT_VERSION = 5.0;
				TARGETED_DEVICE_FAMILY = "1,2";
			};
			name = Debug;
		};
		A13E425227F70D2A00E9582E /* Release */ = {
			isa = XCBuildConfiguration;
			buildSettings = {
				ASSETCATALOG_COMPILER_APPICON_NAME = AppIcon;
				ASSETCATALOG_COMPILER_GLOBAL_ACCENT_COLOR_NAME = AccentColor;
				CODE_SIGN_STYLE = Automatic;
				CURRENT_PROJECT_VERSION = 1;
				DEVELOPMENT_TEAM = 33XKR35SSN;
				GENERATE_INFOPLIST_FILE = YES;
				INFOPLIST_FILE = StateContainerExample/Support/Info.plist;
				INFOPLIST_KEY_UIApplicationSceneManifest_Generation = YES;
				INFOPLIST_KEY_UIApplicationSupportsIndirectInputEvents = YES;
				INFOPLIST_KEY_UILaunchStoryboardName = LaunchScreen;
				INFOPLIST_KEY_UISupportedInterfaceOrientations_iPad = "UIInterfaceOrientationPortrait UIInterfaceOrientationPortraitUpsideDown UIInterfaceOrientationLandscapeLeft UIInterfaceOrientationLandscapeRight";
				INFOPLIST_KEY_UISupportedInterfaceOrientations_iPhone = "UIInterfaceOrientationPortrait UIInterfaceOrientationLandscapeLeft UIInterfaceOrientationLandscapeRight";
				LD_RUNPATH_SEARCH_PATHS = (
					"$(inherited)",
					"@executable_path/Frameworks",
				);
				MARKETING_VERSION = 1.0;
				PRODUCT_BUNDLE_IDENTIFIER = com.vanyslav.StateContainerExample;
				PRODUCT_NAME = "$(TARGET_NAME)";
				SWIFT_EMIT_LOC_STRINGS = YES;
				SWIFT_VERSION = 5.0;
				TARGETED_DEVICE_FAMILY = "1,2";
			};
			name = Release;
		};
		A13E425427F70D2A00E9582E /* Debug */ = {
			isa = XCBuildConfiguration;
			buildSettings = {
				ALWAYS_EMBED_SWIFT_STANDARD_LIBRARIES = YES;
				BUNDLE_LOADER = "$(TEST_HOST)";
				CODE_SIGN_STYLE = Automatic;
				CURRENT_PROJECT_VERSION = 1;
				DEVELOPMENT_TEAM = 33XKR35SSN;
				GENERATE_INFOPLIST_FILE = YES;
				IPHONEOS_DEPLOYMENT_TARGET = 15.4;
				MARKETING_VERSION = 1.0;
				PRODUCT_BUNDLE_IDENTIFIER = com.vanyslav.StateContainerExampleStateContainerExamplesTests;
				PRODUCT_NAME = "$(TARGET_NAME)";
				SWIFT_EMIT_LOC_STRINGS = NO;
				SWIFT_VERSION = 5.0;
				TARGETED_DEVICE_FAMILY = "1,2";
				TEST_HOST = "$(BUILT_PRODUCTS_DIR)/StateContainerExample.app/StateContainerExample";
			};
			name = Debug;
		};
		A13E425527F70D2A00E9582E /* Release */ = {
			isa = XCBuildConfiguration;
			buildSettings = {
				ALWAYS_EMBED_SWIFT_STANDARD_LIBRARIES = YES;
				BUNDLE_LOADER = "$(TEST_HOST)";
				CODE_SIGN_STYLE = Automatic;
				CURRENT_PROJECT_VERSION = 1;
				DEVELOPMENT_TEAM = 33XKR35SSN;
				GENERATE_INFOPLIST_FILE = YES;
				IPHONEOS_DEPLOYMENT_TARGET = 15.4;
				MARKETING_VERSION = 1.0;
				PRODUCT_BUNDLE_IDENTIFIER = com.vanyslav.StateContainerExampleStateContainerExamplesTests;
				PRODUCT_NAME = "$(TARGET_NAME)";
				SWIFT_EMIT_LOC_STRINGS = NO;
				SWIFT_VERSION = 5.0;
				TARGETED_DEVICE_FAMILY = "1,2";
				TEST_HOST = "$(BUILT_PRODUCTS_DIR)/StateContainerExample.app/StateContainerExample";
			};
			name = Release;
		};
/* End XCBuildConfiguration section */

/* Begin XCConfigurationList section */
		A13E422127F70D2400E9582E /* Build configuration list for PBXProject "StateContainerExample" */ = {
			isa = XCConfigurationList;
			buildConfigurations = (
				A13E424E27F70D2A00E9582E /* Debug */,
				A13E424F27F70D2A00E9582E /* Release */,
			);
			defaultConfigurationIsVisible = 0;
			defaultConfigurationName = Release;
		};
		A13E425027F70D2A00E9582E /* Build configuration list for PBXNativeTarget "StateContainerExample" */ = {
			isa = XCConfigurationList;
			buildConfigurations = (
				A13E425127F70D2A00E9582E /* Debug */,
				A13E425227F70D2A00E9582E /* Release */,
			);
			defaultConfigurationIsVisible = 0;
			defaultConfigurationName = Release;
		};
		A13E425327F70D2A00E9582E /* Build configuration list for PBXNativeTarget "StateContainerExampleStateContainerExamples" */ = {
			isa = XCConfigurationList;
			buildConfigurations = (
				A13E425427F70D2A00E9582E /* Debug */,
				A13E425527F70D2A00E9582E /* Release */,
			);
			defaultConfigurationIsVisible = 0;
			defaultConfigurationName = Release;
		};
/* End XCConfigurationList section */
	};
	rootObject = A13E421E27F70D2400E9582E /* Project object */;
}
